
Microsoft Visual Studio Solution File, Format Version 12.00
# Visual Studio Version 16
VisualStudioVersion = 16.0.30523.141
MinimumVisualStudioVersion = 10.0.40219.1
Project("{9A19103F-16F7-4668-BE54-9A1E7A4F7556}") = "GunterBot", "GunterBot.csproj", "{98462480-4D54-4CC3-A99C-8657038409A3}"
EndProject
Global
	GlobalSection(SolutionConfigurationPlatforms) = preSolution
		Debug|Any CPU = Debug|Any CPU
		Release|Any CPU = Release|Any CPU
	EndGlobalSection
	GlobalSection(ProjectConfigurationPlatforms) = postSolution
		{98462480-4D54-4CC3-A99C-8657038409A3}.Debug|Any CPU.ActiveCfg = Debug|Any CPU
		{98462480-4D54-4CC3-A99C-8657038409A3}.Debug|Any CPU.Build.0 = Debug|Any CPU
		{98462480-4D54-4CC3-A99C-8657038409A3}.Release|Any CPU.ActiveCfg = Release|Any CPU
		{98462480-4D54-4CC3-A99C-8657038409A3}.Release|Any CPU.Build.0 = Release|Any CPU
	EndGlobalSection
	GlobalSection(SolutionProperties) = preSolution
		HideSolutionNode = FALSE
	EndGlobalSection
	GlobalSection(ExtensibilityGlobals) = postSolution
		SolutionGuid = {C27DBDC8-DD52-4407-A6C4-3E05F9D9B9D9}
	EndGlobalSection
EndGlobal
